
Microsoft Visual Studio Solution File, Format Version 12.00
# Visual Studio Version 17
VisualStudioVersion = 17.4.33403.182
MinimumVisualStudioVersion = 10.0.40219.1
Project("{FAE04EC0-301F-11D3-BF4B-00C04F79EFBC}") = "Web.BFF", "Web.BFF\Web.BFF.csproj", "{E0B9AD87-7D70-46AC-85B7-D25BA28CBA7D}"
EndProject
Global
	GlobalSection(SolutionConfigurationPlatforms) = preSolution
		Debug|Any CPU = Debug|Any CPU
		Release|Any CPU = Release|Any CPU
	EndGlobalSection
	GlobalSection(ProjectConfigurationPlatforms) = postSolution
		{E0B9AD87-7D70-46AC-85B7-D25BA28CBA7D}.Debug|Any CPU.ActiveCfg = Debug|Any CPU
		{E0B9AD87-7D70-46AC-85B7-D25BA28CBA7D}.Debug|Any CPU.Build.0 = Debug|Any CPU
		{E0B9AD87-7D70-46AC-85B7-D25BA28CBA7D}.Release|Any CPU.ActiveCfg = Release|Any CPU
		{E0B9AD87-7D70-46AC-85B7-D25BA28CBA7D}.Release|Any CPU.Build.0 = Release|Any CPU
	EndGlobalSection
	GlobalSection(SolutionProperties) = preSolution
		HideSolutionNode = FALSE
	EndGlobalSection
	GlobalSection(ExtensibilityGlobals) = postSolution
		SolutionGuid = {C4B888F4-A200-417A-9B99-8F5561D68581}
	EndGlobalSection
EndGlobal
